
Microsoft Visual Studio Solution File, Format Version 12.00
# Visual Studio Version 17
VisualStudioVersion = 17.13.35522.273
MinimumVisualStudioVersion = 10.0.40219.1
Project("{FAE04EC0-301F-11D3-BF4B-00C04F79EFBC}") = "Advent01-1", "Advent01-1\Advent01-1.csproj", "{DF24BAD0-CCA9-465B-88BC-C1759090A58B}"
EndProject
Project("{FAE04EC0-301F-11D3-BF4B-00C04F79EFBC}") = "Advent01-2", "Advent01-2\Advent01-2.csproj", "{648886B5-5C37-419C-93A2-261FD36A03AD}"
EndProject
Project("{FAE04EC0-301F-11D3-BF4B-00C04F79EFBC}") = "Advent02-1", "Advent02-1\Advent02-1.csproj", "{225633CA-ECF6-4C91-2B7B-DB9B021098FC}"
EndProject
Global
	GlobalSection(SolutionConfigurationPlatforms) = preSolution
		Debug|Any CPU = Debug|Any CPU
		Release|Any CPU = Release|Any CPU
	EndGlobalSection
	GlobalSection(ProjectConfigurationPlatforms) = postSolution
		{DF24BAD0-CCA9-465B-88BC-C1759090A58B}.Debug|Any CPU.ActiveCfg = Debug|Any CPU
		{DF24BAD0-CCA9-465B-88BC-C1759090A58B}.Debug|Any CPU.Build.0 = Debug|Any CPU
		{DF24BAD0-CCA9-465B-88BC-C1759090A58B}.Release|Any CPU.ActiveCfg = Release|Any CPU
		{DF24BAD0-CCA9-465B-88BC-C1759090A58B}.Release|Any CPU.Build.0 = Release|Any CPU
		{648886B5-5C37-419C-93A2-261FD36A03AD}.Debug|Any CPU.ActiveCfg = Debug|Any CPU
		{648886B5-5C37-419C-93A2-261FD36A03AD}.Debug|Any CPU.Build.0 = Debug|Any CPU
		{648886B5-5C37-419C-93A2-261FD36A03AD}.Release|Any CPU.ActiveCfg = Release|Any CPU
		{648886B5-5C37-419C-93A2-261FD36A03AD}.Release|Any CPU.Build.0 = Release|Any CPU
		{225633CA-ECF6-4C91-2B7B-DB9B021098FC}.Debug|Any CPU.ActiveCfg = Debug|Any CPU
		{225633CA-ECF6-4C91-2B7B-DB9B021098FC}.Debug|Any CPU.Build.0 = Debug|Any CPU
		{225633CA-ECF6-4C91-2B7B-DB9B021098FC}.Release|Any CPU.ActiveCfg = Release|Any CPU
		{225633CA-ECF6-4C91-2B7B-DB9B021098FC}.Release|Any CPU.Build.0 = Release|Any CPU
	EndGlobalSection
	GlobalSection(SolutionProperties) = preSolution
		HideSolutionNode = FALSE
	EndGlobalSection
	GlobalSection(ExtensibilityGlobals) = postSolution
		SolutionGuid = {6410F872-730B-4ED5-9AC5-87D0D17FAAE6}
	EndGlobalSection
EndGlobal
