
Microsoft Visual Studio Solution File, Format Version 12.00
# Visual Studio Version 17
VisualStudioVersion = 17.13.35522.273
MinimumVisualStudioVersion = 10.0.40219.1
Project("{9A19103F-16F7-4668-BE54-9A1E7A4F7556}") = "Advent01-1", "Advent01-1\Advent01-1.csproj", "{DF24BAD0-CCA9-465B-88BC-C1759090A58B}"
EndProject
Project("{9A19103F-16F7-4668-BE54-9A1E7A4F7556}") = "Advent01-2", "Advent01-2\Advent01-2.csproj", "{648886B5-5C37-419C-93A2-261FD36A03AD}"
EndProject
Project("{9A19103F-16F7-4668-BE54-9A1E7A4F7556}") = "Advent02-1", "Advent02-1\Advent02-1.csproj", "{225633CA-ECF6-4C91-2B7B-DB9B021098FC}"
EndProject
Project("{9A19103F-16F7-4668-BE54-9A1E7A4F7556}") = "Advent02-2", "Advent02-2\Advent02-2.csproj", "{FF857A1E-FB68-9FE8-A3DD-186163186F46}"
EndProject
Project("{9A19103F-16F7-4668-BE54-9A1E7A4F7556}") = "Advent03-1", "Advent03-1\Advent03-1.csproj", "{E5EAC190-F955-4FCC-9355-E75C35CCB0A7}"
EndProject
Project("{9A19103F-16F7-4668-BE54-9A1E7A4F7556}") = "Advent03-2", "Advent03-2\Advent03-2.csproj", "{484E9DDB-A769-4C2A-BB12-4FB6E99F20DF}"
EndProject
Project("{FAE04EC0-301F-11D3-BF4B-00C04F79EFBC}") = "Advent04-1", "Advent04-1\Advent04-1.csproj", "{9880C667-38CF-0A71-9298-BB2EE60CCC4F}"
EndProject
Project("{FAE04EC0-301F-11D3-BF4B-00C04F79EFBC}") = "Advent04-2", "Advent04-2\Advent04-2.csproj", "{B2414585-63D6-962F-FBBD-BB4AA3D18498}"
EndProject
Global
	GlobalSection(SolutionConfigurationPlatforms) = preSolution
		Debug|Any CPU = Debug|Any CPU
		Release|Any CPU = Release|Any CPU
	EndGlobalSection
	GlobalSection(ProjectConfigurationPlatforms) = postSolution
		{DF24BAD0-CCA9-465B-88BC-C1759090A58B}.Debug|Any CPU.ActiveCfg = Debug|Any CPU
		{DF24BAD0-CCA9-465B-88BC-C1759090A58B}.Debug|Any CPU.Build.0 = Debug|Any CPU
		{DF24BAD0-CCA9-465B-88BC-C1759090A58B}.Release|Any CPU.ActiveCfg = Release|Any CPU
		{DF24BAD0-CCA9-465B-88BC-C1759090A58B}.Release|Any CPU.Build.0 = Release|Any CPU
		{648886B5-5C37-419C-93A2-261FD36A03AD}.Debug|Any CPU.ActiveCfg = Debug|Any CPU
		{648886B5-5C37-419C-93A2-261FD36A03AD}.Debug|Any CPU.Build.0 = Debug|Any CPU
		{648886B5-5C37-419C-93A2-261FD36A03AD}.Release|Any CPU.ActiveCfg = Release|Any CPU
		{648886B5-5C37-419C-93A2-261FD36A03AD}.Release|Any CPU.Build.0 = Release|Any CPU
		{225633CA-ECF6-4C91-2B7B-DB9B021098FC}.Debug|Any CPU.ActiveCfg = Debug|Any CPU
		{225633CA-ECF6-4C91-2B7B-DB9B021098FC}.Debug|Any CPU.Build.0 = Debug|Any CPU
		{225633CA-ECF6-4C91-2B7B-DB9B021098FC}.Release|Any CPU.ActiveCfg = Release|Any CPU
		{225633CA-ECF6-4C91-2B7B-DB9B021098FC}.Release|Any CPU.Build.0 = Release|Any CPU
		{FF857A1E-FB68-9FE8-A3DD-186163186F46}.Debug|Any CPU.ActiveCfg = Debug|Any CPU
		{FF857A1E-FB68-9FE8-A3DD-186163186F46}.Debug|Any CPU.Build.0 = Debug|Any CPU
		{FF857A1E-FB68-9FE8-A3DD-186163186F46}.Release|Any CPU.ActiveCfg = Release|Any CPU
		{FF857A1E-FB68-9FE8-A3DD-186163186F46}.Release|Any CPU.Build.0 = Release|Any CPU
		{E5EAC190-F955-4FCC-9355-E75C35CCB0A7}.Debug|Any CPU.ActiveCfg = Debug|Any CPU
		{E5EAC190-F955-4FCC-9355-E75C35CCB0A7}.Debug|Any CPU.Build.0 = Debug|Any CPU
		{E5EAC190-F955-4FCC-9355-E75C35CCB0A7}.Release|Any CPU.ActiveCfg = Release|Any CPU
		{E5EAC190-F955-4FCC-9355-E75C35CCB0A7}.Release|Any CPU.Build.0 = Release|Any CPU
		{484E9DDB-A769-4C2A-BB12-4FB6E99F20DF}.Debug|Any CPU.ActiveCfg = Debug|Any CPU
		{484E9DDB-A769-4C2A-BB12-4FB6E99F20DF}.Debug|Any CPU.Build.0 = Debug|Any CPU
		{484E9DDB-A769-4C2A-BB12-4FB6E99F20DF}.Release|Any CPU.ActiveCfg = Release|Any CPU
		{484E9DDB-A769-4C2A-BB12-4FB6E99F20DF}.Release|Any CPU.Build.0 = Release|Any CPU
		{9880C667-38CF-0A71-9298-BB2EE60CCC4F}.Debug|Any CPU.ActiveCfg = Debug|Any CPU
		{9880C667-38CF-0A71-9298-BB2EE60CCC4F}.Debug|Any CPU.Build.0 = Debug|Any CPU
		{9880C667-38CF-0A71-9298-BB2EE60CCC4F}.Release|Any CPU.ActiveCfg = Release|Any CPU
		{9880C667-38CF-0A71-9298-BB2EE60CCC4F}.Release|Any CPU.Build.0 = Release|Any CPU
		{B2414585-63D6-962F-FBBD-BB4AA3D18498}.Debug|Any CPU.ActiveCfg = Debug|Any CPU
		{B2414585-63D6-962F-FBBD-BB4AA3D18498}.Debug|Any CPU.Build.0 = Debug|Any CPU
		{B2414585-63D6-962F-FBBD-BB4AA3D18498}.Release|Any CPU.ActiveCfg = Release|Any CPU
		{B2414585-63D6-962F-FBBD-BB4AA3D18498}.Release|Any CPU.Build.0 = Release|Any CPU
	EndGlobalSection
	GlobalSection(SolutionProperties) = preSolution
		HideSolutionNode = FALSE
	EndGlobalSection
	GlobalSection(ExtensibilityGlobals) = postSolution
		SolutionGuid = {6410F872-730B-4ED5-9AC5-87D0D17FAAE6}
	EndGlobalSection
EndGlobal
